
Microsoft Visual Studio Solution File, Format Version 12.00
# Visual Studio Version 16
VisualStudioVersion = 16.0.32002.261
MinimumVisualStudioVersion = 10.0.40219.1
Project("{FAE04EC0-301F-11D3-BF4B-00C04F79EFBC}") = "ProjectAgramkow", "ProjectAgramkow\ProjectAgramkow.csproj", "{EAC94776-0145-4EE7-B363-4B55F5182CDF}"
EndProject
Project("{FAE04EC0-301F-11D3-BF4B-00C04F79EFBC}") = "UnitTestApi", "UnitTestApi\UnitTestApi.csproj", "{0EE2B3D2-25B1-4B27-BFA2-C3C546A3DD97}"
EndProject
Global
	GlobalSection(SolutionConfigurationPlatforms) = preSolution
		Debug|Any CPU = Debug|Any CPU
		Release|Any CPU = Release|Any CPU
	EndGlobalSection
	GlobalSection(ProjectConfigurationPlatforms) = postSolution
		{EAC94776-0145-4EE7-B363-4B55F5182CDF}.Debug|Any CPU.ActiveCfg = Debug|Any CPU
		{EAC94776-0145-4EE7-B363-4B55F5182CDF}.Debug|Any CPU.Build.0 = Debug|Any CPU
		{EAC94776-0145-4EE7-B363-4B55F5182CDF}.Release|Any CPU.ActiveCfg = Release|Any CPU
		{EAC94776-0145-4EE7-B363-4B55F5182CDF}.Release|Any CPU.Build.0 = Release|Any CPU
		{0EE2B3D2-25B1-4B27-BFA2-C3C546A3DD97}.Debug|Any CPU.ActiveCfg = Debug|Any CPU
		{0EE2B3D2-25B1-4B27-BFA2-C3C546A3DD97}.Debug|Any CPU.Build.0 = Debug|Any CPU
		{0EE2B3D2-25B1-4B27-BFA2-C3C546A3DD97}.Release|Any CPU.ActiveCfg = Release|Any CPU
		{0EE2B3D2-25B1-4B27-BFA2-C3C546A3DD97}.Release|Any CPU.Build.0 = Release|Any CPU
	EndGlobalSection
	GlobalSection(SolutionProperties) = preSolution
		HideSolutionNode = FALSE
	EndGlobalSection
	GlobalSection(ExtensibilityGlobals) = postSolution
		SolutionGuid = {DCFB66E8-EAAB-47DE-A109-B46640076FDD}
	EndGlobalSection
EndGlobal
