
Microsoft Visual Studio Solution File, Format Version 12.00
# Visual Studio Version 16
VisualStudioVersion = 16.0.31729.503
MinimumVisualStudioVersion = 10.0.40219.1
Project("{FAE04EC0-301F-11D3-BF4B-00C04F79EFBC}") = "Managment System", "Managment System\Managment System.csproj", "{D52B812C-EFB3-4A6A-A4D6-2C16B64BFD93}"
EndProject
Global
	GlobalSection(SolutionConfigurationPlatforms) = preSolution
		Debug|Any CPU = Debug|Any CPU
		Release|Any CPU = Release|Any CPU
	EndGlobalSection
	GlobalSection(ProjectConfigurationPlatforms) = postSolution
		{D52B812C-EFB3-4A6A-A4D6-2C16B64BFD93}.Debug|Any CPU.ActiveCfg = Debug|Any CPU
		{D52B812C-EFB3-4A6A-A4D6-2C16B64BFD93}.Debug|Any CPU.Build.0 = Debug|Any CPU
		{D52B812C-EFB3-4A6A-A4D6-2C16B64BFD93}.Release|Any CPU.ActiveCfg = Release|Any CPU
		{D52B812C-EFB3-4A6A-A4D6-2C16B64BFD93}.Release|Any CPU.Build.0 = Release|Any CPU
	EndGlobalSection
	GlobalSection(SolutionProperties) = preSolution
		HideSolutionNode = FALSE
	EndGlobalSection
	GlobalSection(ExtensibilityGlobals) = postSolution
		SolutionGuid = {4DB01BC2-E136-4AE6-B243-C945DE188467}
	EndGlobalSection
EndGlobal
