
Microsoft Visual Studio Solution File, Format Version 12.00
# Visual Studio Version 16
VisualStudioVersion = 16.0.31729.503
MinimumVisualStudioVersion = 10.0.40219.1
Project("{FAE04EC0-301F-11D3-BF4B-00C04F79EFBC}") = "Managment System", "Managment System\Managment System.csproj", "{D52B812C-EFB3-4A6A-A4D6-2C16B64BFD93}"
EndProject
Project("{FAE04EC0-301F-11D3-BF4B-00C04F79EFBC}") = "dataToExcel", "..\dataToExcel2\dataToExcel\dataToExcel.csproj", "{3CF701B1-038A-432F-A1B9-B12AE98077C4}"
EndProject
Project("{9A19103F-16F7-4668-BE54-9A1E7A4F7556}") = "CheckIfTime", "..\ExportToExcel\ExportToExcel\CheckIfTime.csproj", "{2FD05095-6C14-4078-8D43-4DDBA71F7F4F}"
EndProject
Project("{FAE04EC0-301F-11D3-BF4B-00C04F79EFBC}") = "ProjectAgramkow", "..\ProjectAgramkow3\ProjectAgramkow\ProjectAgramkow.csproj", "{EAC94776-0145-4EE7-B363-4B55F5182CDF}"
EndProject
Project("{FAE04EC0-301F-11D3-BF4B-00C04F79EFBC}") = "UnitTestApi", "..\ProjectAgramkow3\UnitTestApi\UnitTestApi.csproj", "{0EE2B3D2-25B1-4B27-BFA2-C3C546A3DD97}"
EndProject
Project("{FAE04EC0-301F-11D3-BF4B-00C04F79EFBC}") = "AGCanteen", "..\AGCanteen9\AGCanteen\AGCanteen.csproj", "{D5FA2710-2459-4881-BA89-261421B6AC0A}"
EndProject
Project("{2150E333-8FDC-42A3-9474-1A3956D46DE8}") = "Sql queries", "Sql queries", "{0FEB2B81-D9AA-46D1-A537-058AE5C23CA2}"
	ProjectSection(SolutionItems) = preProject
		CreateCanteenDB.sql = CreateCanteenDB.sql
	EndProjectSection
EndProject
Project("{2150E333-8FDC-42A3-9474-1A3956D46DE8}") = "Archive of separate projects", "Archive of separate projects", "{0BAAAB84-6A7B-48CE-B769-386DD697930B}"
EndProject
Global
	GlobalSection(SolutionConfigurationPlatforms) = preSolution
		Debug|Any CPU = Debug|Any CPU
		Release|Any CPU = Release|Any CPU
	EndGlobalSection
	GlobalSection(ProjectConfigurationPlatforms) = postSolution
		{D52B812C-EFB3-4A6A-A4D6-2C16B64BFD93}.Debug|Any CPU.ActiveCfg = Debug|Any CPU
		{D52B812C-EFB3-4A6A-A4D6-2C16B64BFD93}.Debug|Any CPU.Build.0 = Debug|Any CPU
		{D52B812C-EFB3-4A6A-A4D6-2C16B64BFD93}.Release|Any CPU.ActiveCfg = Release|Any CPU
		{D52B812C-EFB3-4A6A-A4D6-2C16B64BFD93}.Release|Any CPU.Build.0 = Release|Any CPU
		{3CF701B1-038A-432F-A1B9-B12AE98077C4}.Debug|Any CPU.ActiveCfg = Debug|Any CPU
		{3CF701B1-038A-432F-A1B9-B12AE98077C4}.Debug|Any CPU.Build.0 = Debug|Any CPU
		{3CF701B1-038A-432F-A1B9-B12AE98077C4}.Release|Any CPU.ActiveCfg = Release|Any CPU
		{3CF701B1-038A-432F-A1B9-B12AE98077C4}.Release|Any CPU.Build.0 = Release|Any CPU
		{2FD05095-6C14-4078-8D43-4DDBA71F7F4F}.Debug|Any CPU.ActiveCfg = Debug|Any CPU
		{2FD05095-6C14-4078-8D43-4DDBA71F7F4F}.Debug|Any CPU.Build.0 = Debug|Any CPU
		{2FD05095-6C14-4078-8D43-4DDBA71F7F4F}.Release|Any CPU.ActiveCfg = Release|Any CPU
		{2FD05095-6C14-4078-8D43-4DDBA71F7F4F}.Release|Any CPU.Build.0 = Release|Any CPU
		{EAC94776-0145-4EE7-B363-4B55F5182CDF}.Debug|Any CPU.ActiveCfg = Debug|Any CPU
		{EAC94776-0145-4EE7-B363-4B55F5182CDF}.Debug|Any CPU.Build.0 = Debug|Any CPU
		{EAC94776-0145-4EE7-B363-4B55F5182CDF}.Release|Any CPU.ActiveCfg = Release|Any CPU
		{EAC94776-0145-4EE7-B363-4B55F5182CDF}.Release|Any CPU.Build.0 = Release|Any CPU
		{0EE2B3D2-25B1-4B27-BFA2-C3C546A3DD97}.Debug|Any CPU.ActiveCfg = Debug|Any CPU
		{0EE2B3D2-25B1-4B27-BFA2-C3C546A3DD97}.Debug|Any CPU.Build.0 = Debug|Any CPU
		{0EE2B3D2-25B1-4B27-BFA2-C3C546A3DD97}.Release|Any CPU.ActiveCfg = Release|Any CPU
		{0EE2B3D2-25B1-4B27-BFA2-C3C546A3DD97}.Release|Any CPU.Build.0 = Release|Any CPU
		{D5FA2710-2459-4881-BA89-261421B6AC0A}.Debug|Any CPU.ActiveCfg = Debug|Any CPU
		{D5FA2710-2459-4881-BA89-261421B6AC0A}.Debug|Any CPU.Build.0 = Debug|Any CPU
		{D5FA2710-2459-4881-BA89-261421B6AC0A}.Release|Any CPU.ActiveCfg = Release|Any CPU
		{D5FA2710-2459-4881-BA89-261421B6AC0A}.Release|Any CPU.Build.0 = Release|Any CPU
	EndGlobalSection
	GlobalSection(SolutionProperties) = preSolution
		HideSolutionNode = FALSE
	EndGlobalSection
	GlobalSection(NestedProjects) = preSolution
		{3CF701B1-038A-432F-A1B9-B12AE98077C4} = {0BAAAB84-6A7B-48CE-B769-386DD697930B}
		{2FD05095-6C14-4078-8D43-4DDBA71F7F4F} = {0BAAAB84-6A7B-48CE-B769-386DD697930B}
	EndGlobalSection
	GlobalSection(ExtensibilityGlobals) = postSolution
		SolutionGuid = {4DB01BC2-E136-4AE6-B243-C945DE188467}
	EndGlobalSection
EndGlobal
